{
  "originHash" : "30cb97f1c72d4cb16a44fe150d83748ba29419df886ddae53705a633d46af308",
  "pins" : [
    {
      "identity" : "factory",
      "kind" : "remoteSourceControl",
      "location" : "https://github.com/hmlongco/Factory.git",
      "state" : {
        "revision" : "27717e148c0c1ed2998f687a8e98d9395d684abf",
        "version" : "3.3.2"
      }
    },
    {
      "identity" : "navigator",
      "kind" : "remoteSourceControl",
      "location" : "https://github.com/hmlongco/Navigator/",
      "state" : {
        "revision" : "ceb24f200d8fb2a9c49d2add2b93b77057b145cc",
        "version" : "2.1.3"
      }
    }
  ],
  "version" : 3
}
