<?xml version="1.0" encoding="UTF-8"?>
<Scheme LastUpgradeVersion="2660" version="1.3">
  <BuildAction parallelizeBuildables="YES" buildImplicitDependencies="YES"><BuildActionEntries>
    <BuildActionEntry buildForTesting="YES" buildForRunning="YES" buildForProfiling="YES" buildForArchiving="YES" buildForAnalyzing="YES"><BuildableReference BuildableIdentifier="primary" BlueprintIdentifier="B7D00000000000000000003C" BuildableName="BookTraceWidgets.appex" BlueprintName="BookTraceWidgets" ReferencedContainer="container:BookTrace.xcodeproj" /></BuildActionEntry>
  </BuildActionEntries></BuildAction>
  <TestAction buildConfiguration="Debug" selectedDebuggerIdentifier="Xcode.DebuggerFoundation.Debugger.LLDB" selectedLauncherIdentifier="Xcode.DebuggerFoundation.Launcher.LLDB" shouldUseLaunchSchemeArgsEnv="YES"><Testables>
    <TestableReference skipped="NO"><BuildableReference BuildableIdentifier="primary" BlueprintIdentifier="B7D00000000000000000003D" BuildableName="BookTraceWidgetsTests.xctest" BlueprintName="BookTraceWidgetsTests" ReferencedContainer="container:BookTrace.xcodeproj" /></TestableReference>
  </Testables></TestAction>
  <AnalyzeAction buildConfiguration="Debug" />
  <ArchiveAction buildConfiguration="Release" revealArchiveInOrganizer="YES" />
</Scheme>
